
Microsoft Visual Studio Solution File, Format Version 12.00
# Visual Studio Version 16
VisualStudioVersion = 16.0.31005.135
MinimumVisualStudioVersion = 10.0.40219.1
Project("{FAE04EC0-301F-11D3-BF4B-00C04F79EFBC}") = "Calculation2", "Calculation2\Calculation2.csproj", "{03C5CF35-372E-4900-8C5A-B805D0FE7F78}"
EndProject
Global
	GlobalSection(SolutionConfigurationPlatforms) = preSolution
		Debug|Any CPU = Debug|Any CPU
		Release|Any CPU = Release|Any CPU
	EndGlobalSection
	GlobalSection(ProjectConfigurationPlatforms) = postSolution
		{03C5CF35-372E-4900-8C5A-B805D0FE7F78}.Debug|Any CPU.ActiveCfg = Debug|Any CPU
		{03C5CF35-372E-4900-8C5A-B805D0FE7F78}.Debug|Any CPU.Build.0 = Debug|Any CPU
		{03C5CF35-372E-4900-8C5A-B805D0FE7F78}.Release|Any CPU.ActiveCfg = Release|Any CPU
		{03C5CF35-372E-4900-8C5A-B805D0FE7F78}.Release|Any CPU.Build.0 = Release|Any CPU
	EndGlobalSection
	GlobalSection(SolutionProperties) = preSolution
		HideSolutionNode = FALSE
	EndGlobalSection
	GlobalSection(ExtensibilityGlobals) = postSolution
		SolutionGuid = {B534E6C8-54AB-456C-A562-137E8A2D8D04}
	EndGlobalSection
EndGlobal
