
Microsoft Visual Studio Solution File, Format Version 12.00
# Visual Studio Version 16
VisualStudioVersion = 16.0.31019.35
MinimumVisualStudioVersion = 10.0.40219.1
Project("{FAE04EC0-301F-11D3-BF4B-00C04F79EFBC}") = "EvidanceHw", "EvidanceHw\EvidanceHw.csproj", "{37322467-5EDC-4236-86D2-138D5277677D}"
EndProject
Project("{FAE04EC0-301F-11D3-BF4B-00C04F79EFBC}") = "PreAndPostfix", "..\PreAndPostfix\PreAndPostfix.csproj", "{A35AADE7-A643-40D5-960C-5036C6D57533}"
EndProject
Project("{FAE04EC0-301F-11D3-BF4B-00C04F79EFBC}") = "ifElse", "..\ifElse\ifElse.csproj", "{B03E5298-21D4-436A-BA4B-0488B1BEF613}"
EndProject
Project("{FAE04EC0-301F-11D3-BF4B-00C04F79EFBC}") = "tryCatch", "tryCatch\tryCatch.csproj", "{9BD75433-820C-4DC3-8A48-4C8EDC7AEC7A}"
EndProject
Global
	GlobalSection(SolutionConfigurationPlatforms) = preSolution
		Debug|Any CPU = Debug|Any CPU
		Release|Any CPU = Release|Any CPU
	EndGlobalSection
	GlobalSection(ProjectConfigurationPlatforms) = postSolution
		{37322467-5EDC-4236-86D2-138D5277677D}.Debug|Any CPU.ActiveCfg = Debug|Any CPU
		{37322467-5EDC-4236-86D2-138D5277677D}.Debug|Any CPU.Build.0 = Debug|Any CPU
		{37322467-5EDC-4236-86D2-138D5277677D}.Release|Any CPU.ActiveCfg = Release|Any CPU
		{37322467-5EDC-4236-86D2-138D5277677D}.Release|Any CPU.Build.0 = Release|Any CPU
		{A35AADE7-A643-40D5-960C-5036C6D57533}.Debug|Any CPU.ActiveCfg = Debug|Any CPU
		{A35AADE7-A643-40D5-960C-5036C6D57533}.Debug|Any CPU.Build.0 = Debug|Any CPU
		{A35AADE7-A643-40D5-960C-5036C6D57533}.Release|Any CPU.ActiveCfg = Release|Any CPU
		{A35AADE7-A643-40D5-960C-5036C6D57533}.Release|Any CPU.Build.0 = Release|Any CPU
		{B03E5298-21D4-436A-BA4B-0488B1BEF613}.Debug|Any CPU.ActiveCfg = Debug|Any CPU
		{B03E5298-21D4-436A-BA4B-0488B1BEF613}.Debug|Any CPU.Build.0 = Debug|Any CPU
		{B03E5298-21D4-436A-BA4B-0488B1BEF613}.Release|Any CPU.ActiveCfg = Release|Any CPU
		{B03E5298-21D4-436A-BA4B-0488B1BEF613}.Release|Any CPU.Build.0 = Release|Any CPU
		{9BD75433-820C-4DC3-8A48-4C8EDC7AEC7A}.Debug|Any CPU.ActiveCfg = Debug|Any CPU
		{9BD75433-820C-4DC3-8A48-4C8EDC7AEC7A}.Debug|Any CPU.Build.0 = Debug|Any CPU
		{9BD75433-820C-4DC3-8A48-4C8EDC7AEC7A}.Release|Any CPU.ActiveCfg = Release|Any CPU
		{9BD75433-820C-4DC3-8A48-4C8EDC7AEC7A}.Release|Any CPU.Build.0 = Release|Any CPU
	EndGlobalSection
	GlobalSection(SolutionProperties) = preSolution
		HideSolutionNode = FALSE
	EndGlobalSection
	GlobalSection(ExtensibilityGlobals) = postSolution
		SolutionGuid = {7AA52CC7-DC7C-414F-B38F-170F0D2353DA}
	EndGlobalSection
EndGlobal
