
Microsoft Visual Studio Solution File, Format Version 12.00
# Visual Studio Version 16
VisualStudioVersion = 16.0.31019.35
MinimumVisualStudioVersion = 10.0.40219.1
Project("{FAE04EC0-301F-11D3-BF4B-00C04F79EFBC}") = "loopCondition", "loopCondition\loopCondition.csproj", "{D7E9BDDF-B232-4CE5-B1B0-A188E3F238A1}"
EndProject
Global
	GlobalSection(SolutionConfigurationPlatforms) = preSolution
		Debug|Any CPU = Debug|Any CPU
		Release|Any CPU = Release|Any CPU
	EndGlobalSection
	GlobalSection(ProjectConfigurationPlatforms) = postSolution
		{D7E9BDDF-B232-4CE5-B1B0-A188E3F238A1}.Debug|Any CPU.ActiveCfg = Debug|Any CPU
		{D7E9BDDF-B232-4CE5-B1B0-A188E3F238A1}.Debug|Any CPU.Build.0 = Debug|Any CPU
		{D7E9BDDF-B232-4CE5-B1B0-A188E3F238A1}.Release|Any CPU.ActiveCfg = Release|Any CPU
		{D7E9BDDF-B232-4CE5-B1B0-A188E3F238A1}.Release|Any CPU.Build.0 = Release|Any CPU
	EndGlobalSection
	GlobalSection(SolutionProperties) = preSolution
		HideSolutionNode = FALSE
	EndGlobalSection
	GlobalSection(ExtensibilityGlobals) = postSolution
		SolutionGuid = {7432F713-D414-4EA2-A5AB-244C80C34FD2}
	EndGlobalSection
EndGlobal
