
Microsoft Visual Studio Solution File, Format Version 12.00
# Visual Studio Version 16
VisualStudioVersion = 16.0.31019.35
MinimumVisualStudioVersion = 10.0.40219.1
Project("{FAE04EC0-301F-11D3-BF4B-00C04F79EFBC}") = "locatAndClass", "locatAndClass\locatAndClass.csproj", "{4AF79F22-EDEE-4390-B4A0-67D34D292052}"
EndProject
Global
	GlobalSection(SolutionConfigurationPlatforms) = preSolution
		Debug|Any CPU = Debug|Any CPU
		Release|Any CPU = Release|Any CPU
	EndGlobalSection
	GlobalSection(ProjectConfigurationPlatforms) = postSolution
		{4AF79F22-EDEE-4390-B4A0-67D34D292052}.Debug|Any CPU.ActiveCfg = Debug|Any CPU
		{4AF79F22-EDEE-4390-B4A0-67D34D292052}.Debug|Any CPU.Build.0 = Debug|Any CPU
		{4AF79F22-EDEE-4390-B4A0-67D34D292052}.Release|Any CPU.ActiveCfg = Release|Any CPU
		{4AF79F22-EDEE-4390-B4A0-67D34D292052}.Release|Any CPU.Build.0 = Release|Any CPU
	EndGlobalSection
	GlobalSection(SolutionProperties) = preSolution
		HideSolutionNode = FALSE
	EndGlobalSection
	GlobalSection(ExtensibilityGlobals) = postSolution
		SolutionGuid = {B006D31D-E691-4D8B-9A6E-179EC5911932}
	EndGlobalSection
EndGlobal
