
Microsoft Visual Studio Solution File, Format Version 12.00
# Visual Studio Version 16
VisualStudioVersion = 16.0.31019.35
MinimumVisualStudioVersion = 10.0.40219.1
Project("{FAE04EC0-301F-11D3-BF4B-00C04F79EFBC}") = "HomeWorkCh4", "HomeWorkCh4\HomeWorkCh4.csproj", "{D11735D9-E93A-43DF-A7CB-697137D7AEDD}"
EndProject
Global
	GlobalSection(SolutionConfigurationPlatforms) = preSolution
		Debug|Any CPU = Debug|Any CPU
		Release|Any CPU = Release|Any CPU
	EndGlobalSection
	GlobalSection(ProjectConfigurationPlatforms) = postSolution
		{D11735D9-E93A-43DF-A7CB-697137D7AEDD}.Debug|Any CPU.ActiveCfg = Debug|Any CPU
		{D11735D9-E93A-43DF-A7CB-697137D7AEDD}.Debug|Any CPU.Build.0 = Debug|Any CPU
		{D11735D9-E93A-43DF-A7CB-697137D7AEDD}.Release|Any CPU.ActiveCfg = Release|Any CPU
		{D11735D9-E93A-43DF-A7CB-697137D7AEDD}.Release|Any CPU.Build.0 = Release|Any CPU
	EndGlobalSection
	GlobalSection(SolutionProperties) = preSolution
		HideSolutionNode = FALSE
	EndGlobalSection
	GlobalSection(ExtensibilityGlobals) = postSolution
		SolutionGuid = {E5718A19-3C91-4C14-8356-D0FC2EBB0D6B}
	EndGlobalSection
EndGlobal
