
Microsoft Visual Studio Solution File, Format Version 12.00
# Visual Studio Version 16
VisualStudioVersion = 16.0.31112.23
MinimumVisualStudioVersion = 10.0.40219.1
Project("{FAE04EC0-301F-11D3-BF4B-00C04F79EFBC}") = "Chapter14", "Chapter14.csproj", "{7408CE96-701D-471B-9D6E-E206CC5F797E}"
EndProject
Global
	GlobalSection(SolutionConfigurationPlatforms) = preSolution
		Debug|Any CPU = Debug|Any CPU
		Release|Any CPU = Release|Any CPU
	EndGlobalSection
	GlobalSection(ProjectConfigurationPlatforms) = postSolution
		{7408CE96-701D-471B-9D6E-E206CC5F797E}.Debug|Any CPU.ActiveCfg = Debug|Any CPU
		{7408CE96-701D-471B-9D6E-E206CC5F797E}.Debug|Any CPU.Build.0 = Debug|Any CPU
		{7408CE96-701D-471B-9D6E-E206CC5F797E}.Release|Any CPU.ActiveCfg = Release|Any CPU
		{7408CE96-701D-471B-9D6E-E206CC5F797E}.Release|Any CPU.Build.0 = Release|Any CPU
	EndGlobalSection
	GlobalSection(SolutionProperties) = preSolution
		HideSolutionNode = FALSE
	EndGlobalSection
	GlobalSection(ExtensibilityGlobals) = postSolution
		SolutionGuid = {50F0C578-12BA-483C-B2E5-E568A6FB97EE}
	EndGlobalSection
EndGlobal
