
Microsoft Visual Studio Solution File, Format Version 12.00
# Visual Studio Version 16
VisualStudioVersion = 16.0.31112.23
MinimumVisualStudioVersion = 10.0.40219.1
Project("{FAE04EC0-301F-11D3-BF4B-00C04F79EFBC}") = "constructorType1", "constructorType1.csproj", "{3D78B413-7CDD-4472-9799-3A98A090D5AF}"
EndProject
Global
	GlobalSection(SolutionConfigurationPlatforms) = preSolution
		Debug|Any CPU = Debug|Any CPU
		Release|Any CPU = Release|Any CPU
	EndGlobalSection
	GlobalSection(ProjectConfigurationPlatforms) = postSolution
		{3D78B413-7CDD-4472-9799-3A98A090D5AF}.Debug|Any CPU.ActiveCfg = Debug|Any CPU
		{3D78B413-7CDD-4472-9799-3A98A090D5AF}.Debug|Any CPU.Build.0 = Debug|Any CPU
		{3D78B413-7CDD-4472-9799-3A98A090D5AF}.Release|Any CPU.ActiveCfg = Release|Any CPU
		{3D78B413-7CDD-4472-9799-3A98A090D5AF}.Release|Any CPU.Build.0 = Release|Any CPU
	EndGlobalSection
	GlobalSection(SolutionProperties) = preSolution
		HideSolutionNode = FALSE
	EndGlobalSection
	GlobalSection(ExtensibilityGlobals) = postSolution
		SolutionGuid = {001C5B1E-6541-4E7F-AC5B-D3808EEF7631}
	EndGlobalSection
EndGlobal
