
Microsoft Visual Studio Solution File, Format Version 12.00
# Visual Studio Version 16
VisualStudioVersion = 16.0.31112.23
MinimumVisualStudioVersion = 10.0.40219.1
Project("{FAE04EC0-301F-11D3-BF4B-00C04F79EFBC}") = "EvidanceExm2", "EvidanceExm2.csproj", "{B5DE06C3-D4B1-4F02-966A-9D1840D63AB8}"
EndProject
Global
	GlobalSection(SolutionConfigurationPlatforms) = preSolution
		Debug|Any CPU = Debug|Any CPU
		Release|Any CPU = Release|Any CPU
	EndGlobalSection
	GlobalSection(ProjectConfigurationPlatforms) = postSolution
		{B5DE06C3-D4B1-4F02-966A-9D1840D63AB8}.Debug|Any CPU.ActiveCfg = Debug|Any CPU
		{B5DE06C3-D4B1-4F02-966A-9D1840D63AB8}.Debug|Any CPU.Build.0 = Debug|Any CPU
		{B5DE06C3-D4B1-4F02-966A-9D1840D63AB8}.Release|Any CPU.ActiveCfg = Release|Any CPU
		{B5DE06C3-D4B1-4F02-966A-9D1840D63AB8}.Release|Any CPU.Build.0 = Release|Any CPU
	EndGlobalSection
	GlobalSection(SolutionProperties) = preSolution
		HideSolutionNode = FALSE
	EndGlobalSection
	GlobalSection(ExtensibilityGlobals) = postSolution
		SolutionGuid = {BFAD96FB-6EE6-42FF-BE1D-F118588DF096}
	EndGlobalSection
EndGlobal
