
Microsoft Visual Studio Solution File, Format Version 12.00
# Visual Studio Version 16
VisualStudioVersion = 16.0.31112.23
MinimumVisualStudioVersion = 10.0.40219.1
Project("{FAE04EC0-301F-11D3-BF4B-00C04F79EFBC}") = "MethodPractice", "MethodPractice.csproj", "{9DDBD9F6-4F80-40A3-BB3D-B535DF82D666}"
EndProject
Global
	GlobalSection(SolutionConfigurationPlatforms) = preSolution
		Debug|Any CPU = Debug|Any CPU
		Release|Any CPU = Release|Any CPU
	EndGlobalSection
	GlobalSection(ProjectConfigurationPlatforms) = postSolution
		{9DDBD9F6-4F80-40A3-BB3D-B535DF82D666}.Debug|Any CPU.ActiveCfg = Debug|Any CPU
		{9DDBD9F6-4F80-40A3-BB3D-B535DF82D666}.Debug|Any CPU.Build.0 = Debug|Any CPU
		{9DDBD9F6-4F80-40A3-BB3D-B535DF82D666}.Release|Any CPU.ActiveCfg = Release|Any CPU
		{9DDBD9F6-4F80-40A3-BB3D-B535DF82D666}.Release|Any CPU.Build.0 = Release|Any CPU
	EndGlobalSection
	GlobalSection(SolutionProperties) = preSolution
		HideSolutionNode = FALSE
	EndGlobalSection
	GlobalSection(ExtensibilityGlobals) = postSolution
		SolutionGuid = {C5151A74-F6CB-4809-A363-A1584FBBEB4E}
	EndGlobalSection
EndGlobal
