
Microsoft Visual Studio Solution File, Format Version 12.00
# Visual Studio Version 16
VisualStudioVersion = 16.0.31112.23
MinimumVisualStudioVersion = 10.0.40219.1
Project("{FAE04EC0-301F-11D3-BF4B-00C04F79EFBC}") = "Interface", "Interface.csproj", "{617B0AF5-AD5F-4D9C-BDF6-F93A9AAD955A}"
EndProject
Global
	GlobalSection(SolutionConfigurationPlatforms) = preSolution
		Debug|Any CPU = Debug|Any CPU
		Release|Any CPU = Release|Any CPU
	EndGlobalSection
	GlobalSection(ProjectConfigurationPlatforms) = postSolution
		{617B0AF5-AD5F-4D9C-BDF6-F93A9AAD955A}.Debug|Any CPU.ActiveCfg = Debug|Any CPU
		{617B0AF5-AD5F-4D9C-BDF6-F93A9AAD955A}.Debug|Any CPU.Build.0 = Debug|Any CPU
		{617B0AF5-AD5F-4D9C-BDF6-F93A9AAD955A}.Release|Any CPU.ActiveCfg = Release|Any CPU
		{617B0AF5-AD5F-4D9C-BDF6-F93A9AAD955A}.Release|Any CPU.Build.0 = Release|Any CPU
	EndGlobalSection
	GlobalSection(SolutionProperties) = preSolution
		HideSolutionNode = FALSE
	EndGlobalSection
	GlobalSection(ExtensibilityGlobals) = postSolution
		SolutionGuid = {CF667AC7-5598-4E52-AFB4-143D4BDC4EA7}
	EndGlobalSection
EndGlobal
