
Microsoft Visual Studio Solution File, Format Version 12.00
# Visual Studio Version 16
VisualStudioVersion = 16.0.31112.23
MinimumVisualStudioVersion = 10.0.40219.1
Project("{FAE04EC0-301F-11D3-BF4B-00C04F79EFBC}") = "enumWithArray", "enumWithArray.csproj", "{D0B34290-704A-4678-8EF9-AC2D36E95EAE}"
EndProject
Global
	GlobalSection(SolutionConfigurationPlatforms) = preSolution
		Debug|Any CPU = Debug|Any CPU
		Release|Any CPU = Release|Any CPU
	EndGlobalSection
	GlobalSection(ProjectConfigurationPlatforms) = postSolution
		{D0B34290-704A-4678-8EF9-AC2D36E95EAE}.Debug|Any CPU.ActiveCfg = Debug|Any CPU
		{D0B34290-704A-4678-8EF9-AC2D36E95EAE}.Debug|Any CPU.Build.0 = Debug|Any CPU
		{D0B34290-704A-4678-8EF9-AC2D36E95EAE}.Release|Any CPU.ActiveCfg = Release|Any CPU
		{D0B34290-704A-4678-8EF9-AC2D36E95EAE}.Release|Any CPU.Build.0 = Release|Any CPU
	EndGlobalSection
	GlobalSection(SolutionProperties) = preSolution
		HideSolutionNode = FALSE
	EndGlobalSection
	GlobalSection(ExtensibilityGlobals) = postSolution
		SolutionGuid = {5B8FEA44-0C3B-42A8-A822-3C13AD5C1A8B}
	EndGlobalSection
EndGlobal
