
Microsoft Visual Studio Solution File, Format Version 12.00
# Visual Studio Version 16
VisualStudioVersion = 16.0.31112.23
MinimumVisualStudioVersion = 10.0.40219.1
Project("{FAE04EC0-301F-11D3-BF4B-00C04F79EFBC}") = "enaumInheratice", "enaumInheratice.csproj", "{D3723C21-3E78-48F3-9654-76E29E7F7A05}"
EndProject
Global
	GlobalSection(SolutionConfigurationPlatforms) = preSolution
		Debug|Any CPU = Debug|Any CPU
		Release|Any CPU = Release|Any CPU
	EndGlobalSection
	GlobalSection(ProjectConfigurationPlatforms) = postSolution
		{D3723C21-3E78-48F3-9654-76E29E7F7A05}.Debug|Any CPU.ActiveCfg = Debug|Any CPU
		{D3723C21-3E78-48F3-9654-76E29E7F7A05}.Debug|Any CPU.Build.0 = Debug|Any CPU
		{D3723C21-3E78-48F3-9654-76E29E7F7A05}.Release|Any CPU.ActiveCfg = Release|Any CPU
		{D3723C21-3E78-48F3-9654-76E29E7F7A05}.Release|Any CPU.Build.0 = Release|Any CPU
	EndGlobalSection
	GlobalSection(SolutionProperties) = preSolution
		HideSolutionNode = FALSE
	EndGlobalSection
	GlobalSection(ExtensibilityGlobals) = postSolution
		SolutionGuid = {9C581F02-5159-4EB5-B336-1FE89AD45710}
	EndGlobalSection
EndGlobal
