
Microsoft Visual Studio Solution File, Format Version 12.00
# Visual Studio Version 16
VisualStudioVersion = 16.0.31112.23
MinimumVisualStudioVersion = 10.0.40219.1
Project("{FAE04EC0-301F-11D3-BF4B-00C04F79EFBC}") = "encapsulationAndAbstraction", "encapsulationAndAbstraction.csproj", "{B3340F86-F3E4-4EB7-9985-8BBBBFCD1C38}"
EndProject
Global
	GlobalSection(SolutionConfigurationPlatforms) = preSolution
		Debug|Any CPU = Debug|Any CPU
		Release|Any CPU = Release|Any CPU
	EndGlobalSection
	GlobalSection(ProjectConfigurationPlatforms) = postSolution
		{B3340F86-F3E4-4EB7-9985-8BBBBFCD1C38}.Debug|Any CPU.ActiveCfg = Debug|Any CPU
		{B3340F86-F3E4-4EB7-9985-8BBBBFCD1C38}.Debug|Any CPU.Build.0 = Debug|Any CPU
		{B3340F86-F3E4-4EB7-9985-8BBBBFCD1C38}.Release|Any CPU.ActiveCfg = Release|Any CPU
		{B3340F86-F3E4-4EB7-9985-8BBBBFCD1C38}.Release|Any CPU.Build.0 = Release|Any CPU
	EndGlobalSection
	GlobalSection(SolutionProperties) = preSolution
		HideSolutionNode = FALSE
	EndGlobalSection
	GlobalSection(ExtensibilityGlobals) = postSolution
		SolutionGuid = {869BAABE-EFF4-4142-981E-8755D1CD3507}
	EndGlobalSection
EndGlobal
