
Microsoft Visual Studio Solution File, Format Version 12.00
# Visual Studio Version 16
VisualStudioVersion = 16.0.31005.135
MinimumVisualStudioVersion = 10.0.40219.1
Project("{FAE04EC0-301F-11D3-BF4B-00C04F79EFBC}") = "FirstClass", "FirstClass\FirstClass.csproj", "{CC4C15AF-1F8C-4BE6-95AB-6043C605750C}"
EndProject
Global
	GlobalSection(SolutionConfigurationPlatforms) = preSolution
		Debug|Any CPU = Debug|Any CPU
		Release|Any CPU = Release|Any CPU
	EndGlobalSection
	GlobalSection(ProjectConfigurationPlatforms) = postSolution
		{CC4C15AF-1F8C-4BE6-95AB-6043C605750C}.Debug|Any CPU.ActiveCfg = Debug|Any CPU
		{CC4C15AF-1F8C-4BE6-95AB-6043C605750C}.Debug|Any CPU.Build.0 = Debug|Any CPU
		{CC4C15AF-1F8C-4BE6-95AB-6043C605750C}.Release|Any CPU.ActiveCfg = Release|Any CPU
		{CC4C15AF-1F8C-4BE6-95AB-6043C605750C}.Release|Any CPU.Build.0 = Release|Any CPU
	EndGlobalSection
	GlobalSection(SolutionProperties) = preSolution
		HideSolutionNode = FALSE
	EndGlobalSection
	GlobalSection(ExtensibilityGlobals) = postSolution
		SolutionGuid = {A708E2C2-F2BA-4988-A925-0B3C3B7590D9}
	EndGlobalSection
EndGlobal
